Microsoft Visual Studio Solution File, Format Version 12.00
# Visual Studio 14
VisualStudioVersion = 14.0.25420.1
MinimumVisualStudioVersion = 10.0.40219.1
Project("{FAE04EC0-301F-11D3-BF4B-00C04F79EFBC}") = "Cake.Dotfuscator", "src\Cake.Dotfuscator\Cake.Dotfuscator.csproj", "{3631EB18-CB9C-4B69-BF3F-2D1AFF5FFA77}"
EndProject
Project("{FAE04EC0-301F-11D3-BF4B-00C04F79EFBC}") = "Cake.Dotfuscator.Test", "src\Cake.Dotfuscator.Test\Cake.Dotfuscator.Test.csproj", "{EF4DD3E3-BC4F-496E-8B9D-25B4E5429665}"
EndProject
Global
	GlobalSection(SolutionConfigurationPlatforms) = preSolution
		Debug|Any CPU = Debug|Any CPU
		Release|Any CPU = Release|Any CPU
	EndGlobalSection
	GlobalSection(ProjectConfigurationPlatforms) = postSolution
		{3631EB18-CB9C-4B69-BF3F-2D1AFF5FFA77}.Debug|Any CPU.ActiveCfg = Debug|Any CPU
		{3631EB18-CB9C-4B69-BF3F-2D1AFF5FFA77}.Debug|Any CPU.Build.0 = Debug|Any CPU
		{3631EB18-CB9C-4B69-BF3F-2D1AFF5FFA77}.Release|Any CPU.ActiveCfg = Release|Any CPU
		{3631EB18-CB9C-4B69-BF3F-2D1AFF5FFA77}.Release|Any CPU.Build.0 = Release|Any CPU
		{EF4DD3E3-BC4F-496E-8B9D-25B4E5429665}.Debug|Any CPU.ActiveCfg = Debug|Any CPU
		{EF4DD3E3-BC4F-496E-8B9D-25B4E5429665}.Debug|Any CPU.Build.0 = Debug|Any CPU
		{EF4DD3E3-BC4F-496E-8B9D-25B4E5429665}.Release|Any CPU.ActiveCfg = Release|Any CPU
		{EF4DD3E3-BC4F-496E-8B9D-25B4E5429665}.Release|Any CPU.Build.0 = Release|Any CPU
	EndGlobalSection
	GlobalSection(SolutionProperties) = preSolution
		HideSolutionNode = FALSE
	EndGlobalSection
EndGlobal
